
Microsoft Visual Studio Solution File, Format Version 12.00
# Visual Studio Version 17
VisualStudioVersion = 17.13.35806.99
MinimumVisualStudioVersion = 10.0.40219.1
Project("{FAE04EC0-301F-11D3-BF4B-00C04F79EFBC}") = "Booking_WebApp", "Booking_WebApp\Booking_WebApp.csproj", "{8A06903B-D6BB-48BF-B963-434892E3CC32}"
EndProject
Project("{FAE04EC0-301F-11D3-BF4B-00C04F79EFBC}") = "Booking_WebApp.Client", "Booking_WebApp.Client\Booking_WebApp.Client.csproj", "{D208FF8A-FFE3-482C-A71E-BAB43BC0C205}"
EndProject
Project("{FAE04EC0-301F-11D3-BF4B-00C04F79EFBC}") = "Booking_WebApp.Data", "Booking_WebApp.Data\Booking_WebApp.Data.csproj", "{76497A66-EDD7-4A40-BCF8-09A16395E6A1}"
EndProject
Global
	GlobalSection(SolutionConfigurationPlatforms) = preSolution
		Debug|Any CPU = Debug|Any CPU
		Release|Any CPU = Release|Any CPU
	EndGlobalSection
	GlobalSection(ProjectConfigurationPlatforms) = postSolution
		{8A06903B-D6BB-48BF-B963-434892E3CC32}.Debug|Any CPU.ActiveCfg = Debug|Any CPU
		{8A06903B-D6BB-48BF-B963-434892E3CC32}.Debug|Any CPU.Build.0 = Debug|Any CPU
		{8A06903B-D6BB-48BF-B963-434892E3CC32}.Release|Any CPU.ActiveCfg = Release|Any CPU
		{8A06903B-D6BB-48BF-B963-434892E3CC32}.Release|Any CPU.Build.0 = Release|Any CPU
		{D208FF8A-FFE3-482C-A71E-BAB43BC0C205}.Debug|Any CPU.ActiveCfg = Debug|Any CPU
		{D208FF8A-FFE3-482C-A71E-BAB43BC0C205}.Debug|Any CPU.Build.0 = Debug|Any CPU
		{D208FF8A-FFE3-482C-A71E-BAB43BC0C205}.Release|Any CPU.ActiveCfg = Release|Any CPU
		{D208FF8A-FFE3-482C-A71E-BAB43BC0C205}.Release|Any CPU.Build.0 = Release|Any CPU
		{76497A66-EDD7-4A40-BCF8-09A16395E6A1}.Debug|Any CPU.ActiveCfg = Debug|Any CPU
		{76497A66-EDD7-4A40-BCF8-09A16395E6A1}.Debug|Any CPU.Build.0 = Debug|Any CPU
		{76497A66-EDD7-4A40-BCF8-09A16395E6A1}.Release|Any CPU.ActiveCfg = Release|Any CPU
		{76497A66-EDD7-4A40-BCF8-09A16395E6A1}.Release|Any CPU.Build.0 = Release|Any CPU
	EndGlobalSection
	GlobalSection(SolutionProperties) = preSolution
		HideSolutionNode = FALSE
	EndGlobalSection
	GlobalSection(ExtensibilityGlobals) = postSolution
		SolutionGuid = {7F094251-6A50-46E5-BF7B-5C5B5AF7695C}
	EndGlobalSection
EndGlobal
